
Microsoft Visual Studio Solution File, Format Version 12.00
# Visual Studio Version 17
VisualStudioVersion = 17.7.34221.43
MinimumVisualStudioVersion = 10.0.40219.1
Project("{FAE04EC0-301F-11D3-BF4B-00C04F79EFBC}") = "Project-DAW", "Project-DAW.csproj", "{94E774A9-2C1D-48EA-80C0-893A6BAAE42E}"
EndProject
Global
	GlobalSection(SolutionConfigurationPlatforms) = preSolution
		Debug|Any CPU = Debug|Any CPU
		Release|Any CPU = Release|Any CPU
	EndGlobalSection
	GlobalSection(ProjectConfigurationPlatforms) = postSolution
		{94E774A9-2C1D-48EA-80C0-893A6BAAE42E}.Debug|Any CPU.ActiveCfg = Debug|Any CPU
		{94E774A9-2C1D-48EA-80C0-893A6BAAE42E}.Debug|Any CPU.Build.0 = Debug|Any CPU
		{94E774A9-2C1D-48EA-80C0-893A6BAAE42E}.Release|Any CPU.ActiveCfg = Release|Any CPU
		{94E774A9-2C1D-48EA-80C0-893A6BAAE42E}.Release|Any CPU.Build.0 = Release|Any CPU
	EndGlobalSection
	GlobalSection(SolutionProperties) = preSolution
		HideSolutionNode = FALSE
	EndGlobalSection
	GlobalSection(ExtensibilityGlobals) = postSolution
		SolutionGuid = {38EB6AC0-5DA6-49C2-B62F-7CF6B4EA1126}
	EndGlobalSection
EndGlobal
